
Microsoft Visual Studio Solution File, Format Version 12.00
# Visual Studio Version 16
VisualStudioVersion = 16.0.30413.136
MinimumVisualStudioVersion = 10.0.40219.1
Project("{FAE04EC0-301F-11D3-BF4B-00C04F79EFBC}") = "Rubic Top", "Rubic Top\Rubic Top.csproj", "{89AE2F87-9B8B-4DB7-9105-4CDFEF98A851}"
EndProject
Global
	GlobalSection(SolutionConfigurationPlatforms) = preSolution
		Debug|Any CPU = Debug|Any CPU
		Release|Any CPU = Release|Any CPU
	EndGlobalSection
	GlobalSection(ProjectConfigurationPlatforms) = postSolution
		{89AE2F87-9B8B-4DB7-9105-4CDFEF98A851}.Debug|Any CPU.ActiveCfg = Debug|Any CPU
		{89AE2F87-9B8B-4DB7-9105-4CDFEF98A851}.Debug|Any CPU.Build.0 = Debug|Any CPU
		{89AE2F87-9B8B-4DB7-9105-4CDFEF98A851}.Release|Any CPU.ActiveCfg = Release|Any CPU
		{89AE2F87-9B8B-4DB7-9105-4CDFEF98A851}.Release|Any CPU.Build.0 = Release|Any CPU
	EndGlobalSection
	GlobalSection(SolutionProperties) = preSolution
		HideSolutionNode = FALSE
	EndGlobalSection
	GlobalSection(ExtensibilityGlobals) = postSolution
		SolutionGuid = {0CDB8FC6-110F-4697-999B-02C6F88753C0}
	EndGlobalSection
EndGlobal
